
Microsoft Visual Studio Solution File, Format Version 12.00
# Visual Studio Version 16
VisualStudioVersion = 16.0.29613.14
MinimumVisualStudioVersion = 10.0.40219.1
Project("{FAE04EC0-301F-11D3-BF4B-00C04F79EFBC}") = "tic-tac-toe", "tic-tac-toe.csproj", "{746FA29B-963C-4720-BA18-BE25239218F7}"
EndProject
Global
	GlobalSection(SolutionConfigurationPlatforms) = preSolution
		Debug|Any CPU = Debug|Any CPU
		Release|Any CPU = Release|Any CPU
	EndGlobalSection
	GlobalSection(ProjectConfigurationPlatforms) = postSolution
		{746FA29B-963C-4720-BA18-BE25239218F7}.Debug|Any CPU.ActiveCfg = Debug|Any CPU
		{746FA29B-963C-4720-BA18-BE25239218F7}.Debug|Any CPU.Build.0 = Debug|Any CPU
		{746FA29B-963C-4720-BA18-BE25239218F7}.Release|Any CPU.ActiveCfg = Release|Any CPU
		{746FA29B-963C-4720-BA18-BE25239218F7}.Release|Any CPU.Build.0 = Release|Any CPU
	EndGlobalSection
	GlobalSection(SolutionProperties) = preSolution
		HideSolutionNode = FALSE
	EndGlobalSection
	GlobalSection(ExtensibilityGlobals) = postSolution
		SolutionGuid = {03DCD352-2760-49E2-9646-E39FE72CEC8C}
	EndGlobalSection
EndGlobal
